
Microsoft Visual Studio Solution File, Format Version 12.00
# Visual Studio Version 18
VisualStudioVersion = 18.2.11415.280
MinimumVisualStudioVersion = 10.0.40219.1
Project("{FAE04EC0-301F-11D3-BF4B-00C04F79EFBC}") = "OfficeBooking", "OfficeBooking\OfficeBooking.csproj", "{AC2ED570-FEBA-C54C-FDD8-BF8AA688851D}"
EndProject
Project("{FAE04EC0-301F-11D3-BF4B-00C04F79EFBC}") = "OfficeBooking.Tests", "OfficeBooking.Tests\OfficeBooking.Tests.csproj", "{CCE39808-74D1-DA4E-EAB7-0156AC8595A2}"
EndProject
Global
	GlobalSection(SolutionConfigurationPlatforms) = preSolution
		Debug|Any CPU = Debug|Any CPU
		Release|Any CPU = Release|Any CPU
	EndGlobalSection
	GlobalSection(ProjectConfigurationPlatforms) = postSolution
		{AC2ED570-FEBA-C54C-FDD8-BF8AA688851D}.Debug|Any CPU.ActiveCfg = Debug|Any CPU
		{AC2ED570-FEBA-C54C-FDD8-BF8AA688851D}.Debug|Any CPU.Build.0 = Debug|Any CPU
		{AC2ED570-FEBA-C54C-FDD8-BF8AA688851D}.Release|Any CPU.ActiveCfg = Release|Any CPU
		{AC2ED570-FEBA-C54C-FDD8-BF8AA688851D}.Release|Any CPU.Build.0 = Release|Any CPU
		{CCE39808-74D1-DA4E-EAB7-0156AC8595A2}.Debug|Any CPU.ActiveCfg = Debug|Any CPU
		{CCE39808-74D1-DA4E-EAB7-0156AC8595A2}.Debug|Any CPU.Build.0 = Debug|Any CPU
		{CCE39808-74D1-DA4E-EAB7-0156AC8595A2}.Release|Any CPU.ActiveCfg = Release|Any CPU
		{CCE39808-74D1-DA4E-EAB7-0156AC8595A2}.Release|Any CPU.Build.0 = Release|Any CPU
	EndGlobalSection
	GlobalSection(SolutionProperties) = preSolution
		HideSolutionNode = FALSE
	EndGlobalSection
	GlobalSection(ExtensibilityGlobals) = postSolution
		SolutionGuid = {01426357-D363-4D37-BEDF-FEFA354A3206}
	EndGlobalSection
EndGlobal
